{
  "name": "SantaCruzRideApp",
  "lockfileVersion": 2,
  "requires": true,
  "packages": {
    "node_modules/@types/circular-json": {
      "version": "0.4.0",
      "resolved": "https://registry.npmjs.org/@types/circular-json/-/circular-json-0.4.0.tgz",
      "integrity": "sha512-7+kYB7x5a7nFWW1YPBh3KxhwKfiaI4PbZ1RvzBU91LZy7lWJO822CI+pqzSre/DZ7KsCuMKdHnLHHFu8AyXbQg==",
      "dev": true
    },
    "node_modules/circular-json": {
      "version": "0.5.9",
      "resolved": "https://registry.npmjs.org/circular-json/-/circular-json-0.5.9.tgz",
      "integrity": "sha512-4ivwqHpIFJZBuhN3g/pEcdbnGUywkBblloGbkglyloVjjR3uT6tieI89MVOfbP2tHX5sgb01FuLgAOzebNlJNQ==",
      "deprecated": "CircularJSON is in maintenance only, flatted is its successor."
    }
  },
  "dependencies": {
    "@types/circular-json": {
      "version": "https://registry.npmjs.org/@types/circular-json/-/circular-json-0.4.0.tgz",
      "integrity": "sha512-7+kYB7x5a7nFWW1YPBh3KxhwKfiaI4PbZ1RvzBU91LZy7lWJO822CI+pqzSre/DZ7KsCuMKdHnLHHFu8AyXbQg==",
      "dev": true
    },
    "circular-json": {
      "version": "https://registry.npmjs.org/circular-json/-/circular-json-0.5.9.tgz",
      "integrity": "sha512-4ivwqHpIFJZBuhN3g/pEcdbnGUywkBblloGbkglyloVjjR3uT6tieI89MVOfbP2tHX5sgb01FuLgAOzebNlJNQ=="
    }
  }
}
